
Microsoft Visual Studio Solution File, Format Version 12.00
# Visual Studio Version 17
VisualStudioVersion = 17.14.37111.16 d17.14
MinimumVisualStudioVersion = 10.0.40219.1
Project("{FAE04EC0-301F-11D3-BF4B-00C04F79EFBC}") = "StaffGenerator", "StaffGenerator.csproj", "{9FB20B8F-060A-405C-B919-E8C7E80E438A}"
EndProject
Global
	GlobalSection(SolutionConfigurationPlatforms) = preSolution
		Debug|Any CPU = Debug|Any CPU
		Release|Any CPU = Release|Any CPU
	EndGlobalSection
	GlobalSection(ProjectConfigurationPlatforms) = postSolution
		{9FB20B8F-060A-405C-B919-E8C7E80E438A}.Debug|Any CPU.ActiveCfg = Debug|Any CPU
		{9FB20B8F-060A-405C-B919-E8C7E80E438A}.Debug|Any CPU.Build.0 = Debug|Any CPU
		{9FB20B8F-060A-405C-B919-E8C7E80E438A}.Release|Any CPU.ActiveCfg = Release|Any CPU
		{9FB20B8F-060A-405C-B919-E8C7E80E438A}.Release|Any CPU.Build.0 = Release|Any CPU
	EndGlobalSection
	GlobalSection(SolutionProperties) = preSolution
		HideSolutionNode = FALSE
	EndGlobalSection
	GlobalSection(ExtensibilityGlobals) = postSolution
		SolutionGuid = {44986437-EB49-4667-B9D4-C511BB8671F3}
	EndGlobalSection
EndGlobal
